[[package]]
category = "main"
description = "ASGI specs, helper code, and adapters"
name = "asgiref"
optional = false
python-versions = ">=3.7"
version = "3.5.2"

[package.extras]
tests = ["pytest", "pytest-asyncio", "mypy (>=0.800)"]

[[package]]
category = "main"
description = "The uncompromising code formatter."
name = "black"
optional = false
python-versions = ">=3.6.2"
version = "22.6.0"

[package.dependencies]
click = ">=8.0.0"
mypy-extensions = ">=0.4.3"
pathspec = ">=0.9.0"
platformdirs = ">=2"

[package.dependencies.tomli]
python = "<3.11.0a7"
version = ">=1.1.0"

[package.dependencies.typing-extensions]
python = "<3.10"
version = ">=3.10.0.0"

[package.extras]
colorama = ["colorama (>=0.4.3)"]
d = ["aiohttp (>=3.7.4)"]
jupyter = ["ipython (>=7.8.0)", "tokenize-rt (>=3.2.0)"]
uvloop = ["uvloop (>=0.15.2)"]

[[package]]
category = "main"
description = "Python package for providing Mozilla's CA Bundle."
name = "certifi"
optional = false
python-versions = ">=3.6"
version = "2022.6.15"

[[package]]
category = "main"
description = "Foreign Function Interface for Python calling C code."
name = "cffi"
optional = false
python-versions = "*"
version = "1.15.1"

[package.dependencies]
pycparser = "*"

[[package]]
category = "main"
description = "The Real First Universal Charset Detector. Open, modern and actively maintained alternative to Chardet."
name = "charset-normalizer"
optional = false
python-versions = ">=3.6.0"
version = "2.1.0"

[package.extras]
unicode_backport = ["unicodedata2"]

[[package]]
category = "main"
description = "Composable command line interface toolkit"
name = "click"
optional = false
python-versions = ">=3.7"
version = "8.1.3"

[package.dependencies]
colorama = "*"

[[package]]
category = "main"
description = "Cross-platform colored terminal text."
marker = "platform_system == \"Windows\""
name = "colorama"
optional = false
python-versions = ">=2.7, !=3.0.*, !=3.1.*, !=3.2.*, !=3.3.*, !=3.4.*"
version = "0.4.5"

[[package]]
category = "main"
description = "Python client library for Core API."
name = "coreapi"
optional = false
python-versions = "*"
version = "2.3.3"

[package.dependencies]
coreschema = "*"
itypes = "*"
requests = "*"
uritemplate = "*"

[[package]]
category = "main"
description = "Core Schema."
name = "coreschema"
optional = false
python-versions = "*"
version = "0.0.4"

[package.dependencies]
jinja2 = "*"

[[package]]
category = "main"
description = "cryptography is a package which provides cryptographic recipes and primitives to Python developers."
name = "cryptography"
optional = false
python-versions = ">=3.6"
version = "37.0.4"

[package.dependencies]
cffi = ">=1.12"

[package.extras]
docs = ["sphinx (>=1.6.5,<1.8.0 || >1.8.0,<3.1.0 || >3.1.0,<3.1.1 || >3.1.1)", "sphinx-rtd-theme"]
docstest = ["pyenchant (>=1.6.11)", "twine (>=1.12.0)", "sphinxcontrib-spelling (>=4.0.1)"]
pep8test = ["black", "flake8", "flake8-import-order", "pep8-naming"]
sdist = ["setuptools_rust (>=0.11.4)"]
ssh = ["bcrypt (>=3.1.5)"]
test = ["pytest (>=6.2.0)", "pytest-benchmark", "pytest-cov", "pytest-subtests", "pytest-xdist", "pretend", "iso8601", "pytz", "hypothesis (>=1.11.4,<3.79.2 || >3.79.2)"]

[[package]]
category = "main"
description = "XML bomb protection for Python stdlib modules"
name = "defusedxml"
optional = false
python-versions = ">=2.7, !=3.0.*, !=3.1.*, !=3.2.*, !=3.3.*, !=3.4.*"
version = "0.7.1"

[[package]]
category = "main"
description = "A high-level Python web framework that encourages rapid development and clean, pragmatic design."
name = "django"
optional = false
python-versions = ">=3.8"
version = "4.0.6"

[package.dependencies]
asgiref = ">=3.4.1,<4"
sqlparse = ">=0.2.2"
tzdata = "*"

[package.extras]
argon2 = ["argon2-cffi (>=19.1.0)"]
bcrypt = ["bcrypt"]

[[package]]
category = "main"
description = "Django Admin Extensions"
name = "django-admin"
optional = false
python-versions = "*"
version = "2.0.1"

[package.dependencies]
django-excel-response2 = ">=3.0.0"

[[package]]
category = "main"
description = "django-cors-headers is a Django application for handling the server headers required for Cross-Origin Resource Sharing (CORS)."
name = "django-cors-headers"
optional = false
python-versions = ">=3.7"
version = "3.13.0"

[package.dependencies]
Django = ">=3.2"

[[package]]
category = "main"
description = "Django Excel Base"
name = "django-excel-base"
optional = false
python-versions = "*"
version = "1.0.4"

[package.dependencies]
pytz = "*"
screen = "*"
xlwt = "*"

[[package]]
category = "main"
description = "A function extends of Tarken's django-excel-response"
name = "django-excel-response2"
optional = false
python-versions = "*"
version = "3.0.2"

[package.dependencies]
django-excel-base = ">=1.0.4"
django-six = ">=1.0.4"

[[package]]
category = "main"
description = "Django-six —— Django Compatibility Library"
name = "django-six"
optional = false
python-versions = "*"
version = "1.0.4"

[[package]]
category = "main"
description = "Send emails using Django template system."
name = "django-templated-mail"
optional = false
python-versions = "*"
version = "1.1.1"

[[package]]
category = "main"
description = "Web APIs for Django, made easy."
name = "djangorestframework"
optional = false
python-versions = ">=3.6"
version = "3.13.1"

[package.dependencies]
django = ">=2.2"
pytz = "*"

[[package]]
category = "main"
description = "A minimal JSON Web Token authentication plugin for Django REST Framework"
name = "djangorestframework-simplejwt"
optional = false
python-versions = ">=3.7"
version = "4.8.0"

[package.dependencies]
django = "*"
djangorestframework = "*"
pyjwt = ">=2,<3"

[package.extras]
dev = ["pytest-watch", "wheel", "twine", "ipython", "cryptography", "pytest-cov", "pytest-django", "pytest-xdist", "pytest", "tox", "flake8", "pep8", "isort", "Sphinx (>=1.6.5,<2)", "sphinx-rtd-theme (>=0.1.9)", "python-jose (3.0.0)"]
doc = ["Sphinx (>=1.6.5,<2)", "sphinx-rtd-theme (>=0.1.9)"]
lint = ["flake8", "pep8", "isort"]
python-jose = ["python-jose (3.0.0)"]
test = ["cryptography", "pytest-cov", "pytest-django", "pytest-xdist", "pytest", "tox"]

[[package]]
category = "main"
description = "REST implementation of Django authentication system."
name = "djoser"
optional = false
python-versions = ">=3.6.1,<4.0.0"
version = "2.1.0"

[package.dependencies]
asgiref = ">=3.2.10,<4.0.0"
coreapi = ">=2.3.3,<3.0.0"
django-templated-mail = ">=1.1.1,<2.0.0"
djangorestframework-simplejwt = ">=4.3.0,<5.0.0"
social-auth-app-django = ">=4.0.0,<5.0.0"

[package.extras]
test = ["pytest (>=6.0.2,<7.0.0)", "codecov (>=2.0.16,<3.0.0)", "coverage (>=5.3,<6.0)", "pytest-cov (>=2.10.1,<3.0.0)", "pytest-django (>=3.10.0,<4.0.0)", "pytest-pythonpath (>=0.7.3,<0.8.0)", "djet (>=0.2.2,<0.3.0)"]

[[package]]
category = "main"
description = "Internationalized Domain Names in Applications (IDNA)"
name = "idna"
optional = false
python-versions = ">=3.5"
version = "3.3"

[[package]]
category = "main"
description = "Simple immutable types for python."
name = "itypes"
optional = false
python-versions = "*"
version = "1.2.0"

[[package]]
category = "main"
description = "A very fast and expressive template engine."
name = "jinja2"
optional = false
python-versions = ">=3.7"
version = "3.1.2"

[package.dependencies]
MarkupSafe = ">=2.0"

[package.extras]
i18n = ["Babel (>=2.7)"]

[[package]]
category = "main"
description = "Safely add untrusted strings to HTML/XML markup."
name = "markupsafe"
optional = false
python-versions = ">=3.7"
version = "2.1.1"

[[package]]
category = "main"
description = "Experimental type system extensions for programs checked with the mypy typechecker."
name = "mypy-extensions"
optional = false
python-versions = "*"
version = "0.4.3"

[[package]]
category = "main"
description = "A generic, spec-compliant, thorough implementation of the OAuth request-signing logic"
name = "oauthlib"
optional = false
python-versions = ">=3.6"
version = "3.2.0"

[package.extras]
rsa = ["cryptography (>=3.0.0)"]
signals = ["blinker (>=1.4.0)"]
signedtoken = ["cryptography (>=3.0.0)", "pyjwt (>=2.0.0,<3)"]

[[package]]
category = "main"
description = "Utility library for gitignore style pattern matching of file paths."
name = "pathspec"
optional = false
python-versions = "!=3.0.*,!=3.1.*,!=3.2.*,!=3.3.*,!=3.4.*,>=2.7"
version = "0.9.0"

[[package]]
category = "main"
description = "A small Python module for determining appropriate platform-specific dirs, e.g. a \"user data dir\"."
name = "platformdirs"
optional = false
python-versions = ">=3.7"
version = "2.5.2"

[package.extras]
docs = ["furo (>=2021.7.5b38)", "proselint (>=0.10.2)", "sphinx-autodoc-typehints (>=1.12)", "sphinx (>=4)"]
test = ["appdirs (1.4.4)", "pytest-cov (>=2.7)", "pytest-mock (>=3.6)", "pytest (>=6)"]

[[package]]
category = "main"
description = "C parser in Python"
name = "pycparser"
optional = false
python-versions = ">=2.7, !=3.0.*, !=3.1.*, !=3.2.*, !=3.3.*"
version = "2.21"

[[package]]
category = "main"
description = "JSON Web Token implementation in Python"
name = "pyjwt"
optional = false
python-versions = ">=3.6"
version = "2.4.0"

[package.extras]
crypto = ["cryptography (>=3.3.1)"]
dev = ["sphinx", "sphinx-rtd-theme", "zope.interface", "cryptography (>=3.3.1)", "pytest (>=6.0.0,<7.0.0)", "coverage (5.0.4)", "mypy", "pre-commit"]
docs = ["sphinx", "sphinx-rtd-theme", "zope.interface"]
tests = ["pytest (>=6.0.0,<7.0.0)", "coverage (5.0.4)"]

[[package]]
category = "main"
description = "OpenID support for modern servers and consumers."
name = "python3-openid"
optional = false
python-versions = "*"
version = "3.2.0"

[package.dependencies]
defusedxml = "*"

[package.extras]
mysql = ["mysql-connector-python"]
postgresql = ["psycopg2"]

[[package]]
category = "main"
description = "World timezone definitions, modern and historical"
name = "pytz"
optional = false
python-versions = "*"
version = "2022.1"

[[package]]
category = "main"
description = "YAML parser and emitter for Python"
name = "pyyaml"
optional = false
python-versions = ">=3.6"
version = "6.0"

[[package]]
category = "main"
description = "Python HTTP for Humans."
name = "requests"
optional = false
python-versions = ">=3.7, <4"
version = "2.28.1"

[package.dependencies]
certifi = ">=2017.4.17"
charset-normalizer = ">=2,<3"
idna = ">=2.5,<4"
urllib3 = ">=1.21.1,<1.27"

[package.extras]
socks = ["PySocks (>=1.5.6,<1.5.7 || >1.5.7)"]
use_chardet_on_py3 = ["chardet (>=3.0.2,<6)"]

[[package]]
category = "main"
description = "OAuthlib authentication support for Requests."
name = "requests-oauthlib"
optional = false
python-versions = ">=2.7, !=3.0.*, !=3.1.*, !=3.2.*, !=3.3.*"
version = "1.3.1"

[package.dependencies]
oauthlib = ">=3.0.0"
requests = ">=2.0.0"

[package.extras]
rsa = ["oauthlib (>=3.0.0)"]

[[package]]
category = "main"
description = "Screen width and so on"
name = "screen"
optional = false
python-versions = "*"
version = "1.0.1"

[[package]]
category = "main"
description = "Python 2 and 3 compatibility utilities"
name = "six"
optional = false
python-versions = ">=2.7, !=3.0.*, !=3.1.*, !=3.2.*"
version = "1.16.0"

[[package]]
category = "main"
description = "Python Social Authentication, Django integration."
name = "social-auth-app-django"
optional = false
python-versions = "*"
version = "4.0.0"

[package.dependencies]
six = "*"
social-auth-core = ">=3.3.0"

[[package]]
category = "main"
description = "Python social authentication made simple."
name = "social-auth-core"
optional = false
python-versions = ">=3.6"
version = "4.3.0"

[package.dependencies]
PyJWT = ">=2.0.0"
cryptography = ">=1.4"
defusedxml = ">=0.5.0rc1"
oauthlib = ">=1.0.3"
python3-openid = ">=3.0.10"
requests = ">=2.9.1"
requests-oauthlib = ">=0.6.1"

[package.extras]
all = ["python-jose (>=3.0.0)", "python3-saml (>=1.2.1)", "lxml (<4.7)", "cryptography (>=2.1.1)"]
allpy3 = ["python-jose (>=3.0.0)", "python3-saml (>=1.2.1)", "lxml (<4.7)", "cryptography (>=2.1.1)"]
azuread = ["cryptography (>=2.1.1)"]
openidconnect = ["python-jose (>=3.0.0)"]
saml = ["python3-saml (>=1.2.1)", "lxml (<4.7)"]

[[package]]
category = "main"
description = "A non-validating SQL parser."
name = "sqlparse"
optional = false
python-versions = ">=3.5"
version = "0.4.2"

[[package]]
category = "main"
description = "A lil' TOML parser"
marker = "python_full_version < \"3.11.0a7\""
name = "tomli"
optional = false
python-versions = ">=3.7"
version = "2.0.1"

[[package]]
category = "main"
description = "Backported and Experimental Type Hints for Python 3.7+"
marker = "python_version < \"3.10\""
name = "typing-extensions"
optional = false
python-versions = ">=3.7"
version = "4.3.0"

[[package]]
category = "main"
description = "Provider of IANA time zone data"
marker = "sys_platform == \"win32\""
name = "tzdata"
optional = false
python-versions = ">=2"
version = "2022.1"

[[package]]
category = "main"
description = "Implementation of RFC 6570 URI Templates"
name = "uritemplate"
optional = false
python-versions = ">=3.6"
version = "4.1.1"

[[package]]
category = "main"
description = "HTTP library with thread-safe connection pooling, file post, and more."
name = "urllib3"
optional = false
python-versions = ">=2.7, !=3.0.*, !=3.1.*, !=3.2.*, !=3.3.*, !=3.4.*, !=3.5.*, <4"
version = "1.26.10"

[package.extras]
brotli = ["brotlicffi (>=0.8.0)", "brotli (>=1.0.9)", "brotlipy (>=0.6.0)"]
secure = ["pyOpenSSL (>=0.14)", "cryptography (>=1.3.4)", "idna (>=2.0.0)", "certifi", "ipaddress"]
socks = ["PySocks (>=1.5.6,<1.5.7 || >1.5.7,<2.0)"]

[[package]]
category = "main"
description = "Library to create spreadsheet files compatible with MS Excel 97/2000/XP/2003 XLS files, on any platform, with Python 2.6, 2.7, 3.3+"
name = "xlwt"
optional = false
python-versions = "*"
version = "1.3.0"

[metadata]
content-hash = "9c15cf73840cfe1d0592feeed8001a0de5b54921d7215a4fe16dc99ba5444668"
lock-version = "1.0"
python-versions = "^3.9"

[metadata.files]
asgiref = []
black = []
certifi = []
cffi = []
charset-normalizer = []
click = []
colorama = []
coreapi = [
    {file = "coreapi-2.3.3-py2.py3-none-any.whl", hash = "sha256:bf39d118d6d3e171f10df9ede5666f63ad80bba9a29a8ec17726a66cf52ee6f3"},
    {file = "coreapi-2.3.3.tar.gz", hash = "sha256:46145fcc1f7017c076a2ef684969b641d18a2991051fddec9458ad3f78ffc1cb"},
]
coreschema = [
    {file = "coreschema-0.0.4-py2-none-any.whl", hash = "sha256:5e6ef7bf38c1525d5e55a895934ab4273548629f16aed5c0a6caa74ebf45551f"},
    {file = "coreschema-0.0.4.tar.gz", hash = "sha256:9503506007d482ab0867ba14724b93c18a33b22b6d19fb419ef2d239dd4a1607"},
]
cryptography = []
defusedxml = [
    {file = "defusedxml-0.7.1-py2.py3-none-any.whl", hash = "sha256:a352e7e428770286cc899e2542b6cdaedb2b4953ff269a210103ec58f6198a61"},
    {file = "defusedxml-0.7.1.tar.gz", hash = "sha256:1bb3032db185915b62d7c6209c5a8792be6a32ab2fedacc84e01b52c51aa3e69"},
]
django = []
django-admin = []
django-cors-headers = []
django-excel-base = []
django-excel-response2 = []
django-six = []
django-templated-mail = [
    {file = "django-templated-mail-1.1.1.tar.gz", hash = "sha256:8db807effebb42a532622e2d142dfd453dafcd0d7794c4c3332acb90656315f9"},
    {file = "django_templated_mail-1.1.1-py3-none-any.whl", hash = "sha256:f7127e1e31d7cad4e6c4b4801d25814d4b8782627ead76f4a75b3b7650687556"},
]
djangorestframework = [
    {file = "djangorestframework-3.13.1-py3-none-any.whl", hash = "sha256:24c4bf58ed7e85d1fe4ba250ab2da926d263cd57d64b03e8dcef0ac683f8b1aa"},
    {file = "djangorestframework-3.13.1.tar.gz", hash = "sha256:0c33407ce23acc68eca2a6e46424b008c9c02eceb8cf18581921d0092bc1f2ee"},
]
djangorestframework-simplejwt = []
djoser = [
    {file = "djoser-2.1.0-py3-none-any.whl", hash = "sha256:9590378d59eb3243572bcb6b0a45268a3e31bedddc15235ca248a18c7bc0ffe6"},
    {file = "djoser-2.1.0.tar.gz", hash = "sha256:3299073aa5822f9ad02bc872b87e719051c07d36cdc87a05b2afdb2c3bad46d1"},
]
idna = []
itypes = [
    {file = "itypes-1.2.0-py2.py3-none-any.whl", hash = "sha256:03da6872ca89d29aef62773672b2d408f490f80db48b23079a4b194c86dd04c6"},
    {file = "itypes-1.2.0.tar.gz", hash = "sha256:af886f129dea4a2a1e3d36595a2d139589e4dd287f5cab0b40e799ee81570ff1"},
]
jinja2 = []
markupsafe = []
mypy-extensions = []
oauthlib = []
pathspec = []
platformdirs = []
pycparser = []
pyjwt = []
python3-openid = [
    {file = "python3-openid-3.2.0.tar.gz", hash = "sha256:33fbf6928f401e0b790151ed2b5290b02545e8775f982485205a066f874aaeaf"},
    {file = "python3_openid-3.2.0-py3-none-any.whl", hash = "sha256:6626f771e0417486701e0b4daff762e7212e820ca5b29fcc0d05f6f8736dfa6b"},
]
pytz = []
pyyaml = []
requests = []
requests-oauthlib = []
screen = []
six = []
social-auth-app-django = [
    {file = "social-auth-app-django-4.0.0.tar.gz", hash = "sha256:2c69e57df0b30c9c1823519c5f1992cbe4f3f98fdc7d95c840e091a752708840"},
    {file = "social_auth_app_django-4.0.0-py2-none-any.whl", hash = "sha256:df5212370bd250108987c4748419a1a1d0cec750878856c2644c36aaa0fd3e58"},
    {file = "social_auth_app_django-4.0.0-py3-none-any.whl", hash = "sha256:567ad0e028311541d7dfed51d3bf2c60440a6fd236d5d4d06c5a618b3d6c57c5"},
]
social-auth-core = []
sqlparse = [
    {file = "sqlparse-0.4.2-py3-none-any.whl", hash = "sha256:48719e356bb8b42991bdbb1e8b83223757b93789c00910a616a071910ca4a64d"},
    {file = "sqlparse-0.4.2.tar.gz", hash = "sha256:0c00730c74263a94e5a9919ade150dfc3b19c574389985446148402998287dae"},
]
tomli = []
typing-extensions = []
tzdata = []
uritemplate = []
urllib3 = []
xlwt = []
